
Microsoft Visual Studio Solution File, Format Version 12.00
# Visual Studio Version 17
VisualStudioVersion = 17.5.33103.201
MinimumVisualStudioVersion = 10.0.40219.1
Project("{FAE04EC0-301F-11D3-BF4B-00C04F79EFBC}") = "DISample", "DISample.csproj", "{D78CAD7D-CB2A-4F29-8173-57F5B4C08928}"
EndProject
Project("{FAE04EC0-301F-11D3-BF4B-00C04F79EFBC}") = "Services", "..\Services\Services.csproj", "{23816AEC-B9DD-4BFB-A621-28F6A3E13F6A}"
EndProject
Global
	GlobalSection(SolutionConfigurationPlatforms) = preSolution
		Debug|Any CPU = Debug|Any CPU
		Release|Any CPU = Release|Any CPU
	EndGlobalSection
	GlobalSection(ProjectConfigurationPlatforms) = postSolution
		{D78CAD7D-CB2A-4F29-8173-57F5B4C08928}.Debug|Any CPU.ActiveCfg = Debug|Any CPU
		{D78CAD7D-CB2A-4F29-8173-57F5B4C08928}.Debug|Any CPU.Build.0 = Debug|Any CPU
		{D78CAD7D-CB2A-4F29-8173-57F5B4C08928}.Release|Any CPU.ActiveCfg = Release|Any CPU
		{D78CAD7D-CB2A-4F29-8173-57F5B4C08928}.Release|Any CPU.Build.0 = Release|Any CPU
		{23816AEC-B9DD-4BFB-A621-28F6A3E13F6A}.Debug|Any CPU.ActiveCfg = Debug|Any CPU
		{23816AEC-B9DD-4BFB-A621-28F6A3E13F6A}.Debug|Any CPU.Build.0 = Debug|Any CPU
		{23816AEC-B9DD-4BFB-A621-28F6A3E13F6A}.Release|Any CPU.ActiveCfg = Release|Any CPU
		{23816AEC-B9DD-4BFB-A621-28F6A3E13F6A}.Release|Any CPU.Build.0 = Release|Any CPU
	EndGlobalSection
	GlobalSection(SolutionProperties) = preSolution
		HideSolutionNode = FALSE
	EndGlobalSection
	GlobalSection(ExtensibilityGlobals) = postSolution
		SolutionGuid = {2106954F-4CB8-42BB-9E1A-3ACE36344C2F}
	EndGlobalSection
EndGlobal
